
Microsoft Visual Studio Solution File, Format Version 12.00
# Visual Studio Version 16
VisualStudioVersion = 16.0.31129.286
MinimumVisualStudioVersion = 10.0.40219.1
Project("{FAE04EC0-301F-11D3-BF4B-00C04F79EFBC}") = "HOLA MUNDO", "HOLA MUNDO\HOLA MUNDO.csproj", "{72A0092D-789F-4294-B497-E5FA38F45C96}"
EndProject
Global
	GlobalSection(SolutionConfigurationPlatforms) = preSolution
		Debug|Any CPU = Debug|Any CPU
		Release|Any CPU = Release|Any CPU
	EndGlobalSection
	GlobalSection(ProjectConfigurationPlatforms) = postSolution
		{72A0092D-789F-4294-B497-E5FA38F45C96}.Debug|Any CPU.ActiveCfg = Debug|Any CPU
		{72A0092D-789F-4294-B497-E5FA38F45C96}.Debug|Any CPU.Build.0 = Debug|Any CPU
		{72A0092D-789F-4294-B497-E5FA38F45C96}.Release|Any CPU.ActiveCfg = Release|Any CPU
		{72A0092D-789F-4294-B497-E5FA38F45C96}.Release|Any CPU.Build.0 = Release|Any CPU
	EndGlobalSection
	GlobalSection(SolutionProperties) = preSolution
		HideSolutionNode = FALSE
	EndGlobalSection
	GlobalSection(ExtensibilityGlobals) = postSolution
		SolutionGuid = {52DDCC27-0A0F-4DD4-889E-C6CD66CFD8C4}
	EndGlobalSection
EndGlobal
